
Microsoft Visual Studio Solution File, Format Version 12.00
# Visual Studio Version 17
VisualStudioVersion = 17.5.002.0
MinimumVisualStudioVersion = 10.0.40219.1
Project("{9A19103F-16F7-4668-BE54-9A1E7A4F7556}") = "01-Fields-Basics", "01-Fields-Basics.csproj", "{3EAC5313-E4E5-476A-A709-1C44FEF061ED}"
EndProject
Project("{FAE04EC0-301F-11D3-BF4B-00C04F79EFBC}") = "ProductLibrary", "ProductLibrary\ProductLibrary.csproj", "{9C94C34A-E8DB-49FB-A1D4-9E5E473C4B5A}"
EndProject
Global
	GlobalSection(SolutionConfigurationPlatforms) = preSolution
		Debug|Any CPU = Debug|Any CPU
		Release|Any CPU = Release|Any CPU
	EndGlobalSection
	GlobalSection(ProjectConfigurationPlatforms) = postSolution
		{3EAC5313-E4E5-476A-A709-1C44FEF061ED}.Debug|Any CPU.ActiveCfg = Debug|Any CPU
		{3EAC5313-E4E5-476A-A709-1C44FEF061ED}.Debug|Any CPU.Build.0 = Debug|Any CPU
		{3EAC5313-E4E5-476A-A709-1C44FEF061ED}.Release|Any CPU.ActiveCfg = Release|Any CPU
		{3EAC5313-E4E5-476A-A709-1C44FEF061ED}.Release|Any CPU.Build.0 = Release|Any CPU
		{9C94C34A-E8DB-49FB-A1D4-9E5E473C4B5A}.Debug|Any CPU.ActiveCfg = Debug|Any CPU
		{9C94C34A-E8DB-49FB-A1D4-9E5E473C4B5A}.Debug|Any CPU.Build.0 = Debug|Any CPU
		{9C94C34A-E8DB-49FB-A1D4-9E5E473C4B5A}.Release|Any CPU.ActiveCfg = Release|Any CPU
		{9C94C34A-E8DB-49FB-A1D4-9E5E473C4B5A}.Release|Any CPU.Build.0 = Release|Any CPU
	EndGlobalSection
	GlobalSection(SolutionProperties) = preSolution
		HideSolutionNode = FALSE
	EndGlobalSection
	GlobalSection(ExtensibilityGlobals) = postSolution
		SolutionGuid = {14413F79-145A-4F25-BD07-0107AB0085CB}
	EndGlobalSection
EndGlobal
