
Microsoft Visual Studio Solution File, Format Version 12.00
# Visual Studio Version 17
VisualStudioVersion = 17.5.002.0
MinimumVisualStudioVersion = 10.0.40219.1
Project("{9A19103F-16F7-4668-BE54-9A1E7A4F7556}") = "06-Labels", "06-Labels.csproj", "{71C308D1-A3A3-4609-B0E5-A842A9F6C168}"
EndProject
Global
	GlobalSection(SolutionConfigurationPlatforms) = preSolution
		Debug|Any CPU = Debug|Any CPU
		Release|Any CPU = Release|Any CPU
	EndGlobalSection
	GlobalSection(ProjectConfigurationPlatforms) = postSolution
		{71C308D1-A3A3-4609-B0E5-A842A9F6C168}.Debug|Any CPU.ActiveCfg = Debug|Any CPU
		{71C308D1-A3A3-4609-B0E5-A842A9F6C168}.Debug|Any CPU.Build.0 = Debug|Any CPU
		{71C308D1-A3A3-4609-B0E5-A842A9F6C168}.Release|Any CPU.ActiveCfg = Release|Any CPU
		{71C308D1-A3A3-4609-B0E5-A842A9F6C168}.Release|Any CPU.Build.0 = Release|Any CPU
	EndGlobalSection
	GlobalSection(SolutionProperties) = preSolution
		HideSolutionNode = FALSE
	EndGlobalSection
	GlobalSection(ExtensibilityGlobals) = postSolution
		SolutionGuid = {BC36A9AF-6AE8-44B4-B02B-31E0D1F2FE1F}
	EndGlobalSection
EndGlobal
