
Microsoft Visual Studio Solution File, Format Version 12.00
# Visual Studio Version 17
VisualStudioVersion = 17.5.002.0
MinimumVisualStudioVersion = 10.0.40219.1
Project("{9A19103F-16F7-4668-BE54-9A1E7A4F7556}") = "01-Methods-Lessons", "01-Methods-Lessons.csproj", "{E4A5F30D-E7A8-4927-BA59-59155BEBD463}"
EndProject
Project("{FAE04EC0-301F-11D3-BF4B-00C04F79EFBC}") = "ClassLibrary", "ClassLibrary\ClassLibrary.csproj", "{3E609336-0C82-4E9E-9C59-8BBA3EBBFEB3}"
EndProject
Global
	GlobalSection(SolutionConfigurationPlatforms) = preSolution
		Debug|Any CPU = Debug|Any CPU
		Release|Any CPU = Release|Any CPU
	EndGlobalSection
	GlobalSection(ProjectConfigurationPlatforms) = postSolution
		{E4A5F30D-E7A8-4927-BA59-59155BEBD463}.Debug|Any CPU.ActiveCfg = Debug|Any CPU
		{E4A5F30D-E7A8-4927-BA59-59155BEBD463}.Debug|Any CPU.Build.0 = Debug|Any CPU
		{E4A5F30D-E7A8-4927-BA59-59155BEBD463}.Release|Any CPU.ActiveCfg = Release|Any CPU
		{E4A5F30D-E7A8-4927-BA59-59155BEBD463}.Release|Any CPU.Build.0 = Release|Any CPU
		{3E609336-0C82-4E9E-9C59-8BBA3EBBFEB3}.Debug|Any CPU.ActiveCfg = Debug|Any CPU
		{3E609336-0C82-4E9E-9C59-8BBA3EBBFEB3}.Debug|Any CPU.Build.0 = Debug|Any CPU
		{3E609336-0C82-4E9E-9C59-8BBA3EBBFEB3}.Release|Any CPU.ActiveCfg = Release|Any CPU
		{3E609336-0C82-4E9E-9C59-8BBA3EBBFEB3}.Release|Any CPU.Build.0 = Release|Any CPU
	EndGlobalSection
	GlobalSection(SolutionProperties) = preSolution
		HideSolutionNode = FALSE
	EndGlobalSection
	GlobalSection(ExtensibilityGlobals) = postSolution
		SolutionGuid = {034AE9B3-2173-4BD0-857B-4159761CC913}
	EndGlobalSection
EndGlobal
